
Microsoft Visual Studio Solution File, Format Version 12.00
Project("{FAE04EC0-301F-11D3-BF4B-00C04F79EFBC}") = "Blog.Core", "Blog.Core\Blog.Core.csproj", "{C4726C68-ABAC-4562-9938-53F12B39F73B}"
EndProject
Project("{FAE04EC0-301F-11D3-BF4B-00C04F79EFBC}") = "Blog.Infrastructure", "Blog.Infrastructure\Blog.Infrastructure.csproj", "{6E193C4F-83C1-4953-9D2F-42FF418CEF2F}"
EndProject
Project("{FAE04EC0-301F-11D3-BF4B-00C04F79EFBC}") = "Blog.Web", "Blog.Web\Blog.Web.csproj", "{5CA6D884-3865-4372-A9F7-E22BBD69378F}"
EndProject
Global
	GlobalSection(SolutionConfigurationPlatforms) = preSolution
		Debug|Any CPU = Debug|Any CPU
		Release|Any CPU = Release|Any CPU
	EndGlobalSection
	GlobalSection(ProjectConfigurationPlatforms) = postSolution
		{C4726C68-ABAC-4562-9938-53F12B39F73B}.Debug|Any CPU.ActiveCfg = Debug|Any CPU
		{C4726C68-ABAC-4562-9938-53F12B39F73B}.Debug|Any CPU.Build.0 = Debug|Any CPU
		{C4726C68-ABAC-4562-9938-53F12B39F73B}.Release|Any CPU.ActiveCfg = Release|Any CPU
		{C4726C68-ABAC-4562-9938-53F12B39F73B}.Release|Any CPU.Build.0 = Release|Any CPU
		{6E193C4F-83C1-4953-9D2F-42FF418CEF2F}.Debug|Any CPU.ActiveCfg = Debug|Any CPU
		{6E193C4F-83C1-4953-9D2F-42FF418CEF2F}.Debug|Any CPU.Build.0 = Debug|Any CPU
		{6E193C4F-83C1-4953-9D2F-42FF418CEF2F}.Release|Any CPU.ActiveCfg = Release|Any CPU
		{6E193C4F-83C1-4953-9D2F-42FF418CEF2F}.Release|Any CPU.Build.0 = Release|Any CPU
		{5CA6D884-3865-4372-A9F7-E22BBD69378F}.Debug|Any CPU.ActiveCfg = Debug|Any CPU
		{5CA6D884-3865-4372-A9F7-E22BBD69378F}.Debug|Any CPU.Build.0 = Debug|Any CPU
		{5CA6D884-3865-4372-A9F7-E22BBD69378F}.Release|Any CPU.ActiveCfg = Release|Any CPU
		{5CA6D884-3865-4372-A9F7-E22BBD69378F}.Release|Any CPU.Build.0 = Release|Any CPU
	EndGlobalSection
EndGlobal
